// !$*UTF8*$!
{
	archiveVersion = 1;
	classes = {
	};
	objectVersion = 70;
	objects = {

/* Begin PBXBuildFile section */
		B3E21CA52B8F4D70A1C53E00 /* SodachiApp.swift in Sources */ = {isa = PBXBuildFile; fileRef = B3E21CA02B8F4D70A1C53E00 /* SodachiApp.swift */; };
		B3E21CA62B8F4D70A1C53E00 /* ContentView.swift in Sources */ = {isa = PBXBuildFile; fileRef = B3E21CA12B8F4D70A1C53E00 /* ContentView.swift */; };
		B3E21CA72B8F4D70A1C53E00 /* Assets.xcassets in Resources */ = {isa = PBXBuildFile; fileRef = B3E21CA22B8F4D70A1C53E00 /* Assets.xcassets */; };
		B3E21CA82B8F4D70A1C53E00 /* Preview Assets.xcassets in Resources */ = {isa = PBXBuildFile; fileRef = B3E21CA32B8F4D70A1C53E00 /* Preview Assets.xcassets */; };
		F214EB742F6763DD005040B0 /* PetLifecycleStage.swift in Sources */ = {isa = PBXBuildFile; fileRef = F214EB672F6763DD005040B0 /* PetLifecycleStage.swift */; };
		F214EB752F6763DD005040B0 /* SodachiApp.swift in Sources */ = {isa = PBXBuildFile; fileRef = F214EB722F6763DD005040B0 /* SodachiApp.swift */; };
		F214EB762F6763DD005040B0 /* PetStats.swift in Sources */ = {isa = PBXBuildFile; fileRef = F214EB682F6763DD005040B0 /* PetStats.swift */; };
		F214EB772F6763DD005040B0 /* LifecycleEngine.swift in Sources */ = {isa = PBXBuildFile; fileRef = F214EB6E2F6763DD005040B0 /* LifecycleEngine.swift */; };
		F214EB782F6763DD005040B0 /* ContentView.swift in Sources */ = {isa = PBXBuildFile; fileRef = F214EB712F6763DD005040B0 /* ContentView.swift */; };
		F214EB792F6763DD005040B0 /* Pet.swift in Sources */ = {isa = PBXBuildFile; fileRef = F214EB662F6763DD005040B0 /* Pet.swift */; };
		F214EB7A2F6763DD005040B0 /* DecayEngine.swift in Sources */ = {isa = PBXBuildFile; fileRef = F214EB6C2F6763DD005040B0 /* DecayEngine.swift */; };
		F214EB7B2F6763DD005040B0 /* DecayRates.swift in Sources */ = {isa = PBXBuildFile; fileRef = F214EB6D2F6763DD005040B0 /* DecayRates.swift */; };
		F214EB7C2F6763DD005040B0 /* Assets.xcassets in Resources */ = {isa = PBXBuildFile; fileRef = F214EB702F6763DD005040B0 /* Assets.xcassets */; };
		F214EB7D2F6763DD005040B0 /* settings.local.json in Resources */ = {isa = PBXBuildFile; fileRef = F214EB642F6763DD005040B0 /* settings.local.json */; };
		F214EB7E2F6763DD005040B0 /* Preview Assets.xcassets in Resources */ = {isa = PBXBuildFile; fileRef = F214EB6A2F6763DD005040B0 /* Preview Assets.xcassets */; };
		F214EB7F2F6763DD005040B0 /* Assets.xcassets in Resources */ = {isa = PBXBuildFile; fileRef = F214EB702F6763DD005040B0 /* Assets.xcassets */; };
		F214EB802F6763DD005040B0 /* settings.local.json in Resources */ = {isa = PBXBuildFile; fileRef = F214EB642F6763DD005040B0 /* settings.local.json */; };
		F214EB812F6763DD005040B0 /* Preview Assets.xcassets in Resources */ = {isa = PBXBuildFile; fileRef = F214EB6A2F6763DD005040B0 /* Preview Assets.xcassets */; };
		F214EB822F6763DD005040B0 /* PetLifecycleStage.swift in Sources */ = {isa = PBXBuildFile; fileRef = F214EB672F6763DD005040B0 /* PetLifecycleStage.swift */; };
		F214EB832F6763DD005040B0 /* SodachiApp.swift in Sources */ = {isa = PBXBuildFile; fileRef = F214EB722F6763DD005040B0 /* SodachiApp.swift */; };
		F214EB842F6763DD005040B0 /* PetStats.swift in Sources */ = {isa = PBXBuildFile; fileRef = F214EB682F6763DD005040B0 /* PetStats.swift */; };
		F214EB852F6763DD005040B0 /* LifecycleEngine.swift in Sources */ = {isa = PBXBuildFile; fileRef = F214EB6E2F6763DD005040B0 /* LifecycleEngine.swift */; };
		F214EB862F6763DD005040B0 /* ContentView.swift in Sources */ = {isa = PBXBuildFile; fileRef = F214EB712F6763DD005040B0 /* ContentView.swift */; };
		F214EB872F6763DD005040B0 /* Pet.swift in Sources */ = {isa = PBXBuildFile; fileRef = F214EB662F6763DD005040B0 /* Pet.swift */; };
		F214EB882F6763DD005040B0 /* DecayEngine.swift in Sources */ = {isa = PBXBuildFile; fileRef = F214EB6C2F6763DD005040B0 /* DecayEngine.swift */; };
		F214EB892F6763DD005040B0 /* DecayRates.swift in Sources */ = {isa = PBXBuildFile; fileRef = F214EB6D2F6763DD005040B0 /* DecayRates.swift */; };
		9258C5484CA543B0AF4D1E8B /* PetVisualState.swift in Sources */ = {isa = PBXBuildFile; fileRef = 7621428338234135A42B0389 /* PetVisualState.swift */; };
		1544E3BD135C4D5FAFD7FB44 /* PetVisualState.swift in Sources */ = {isa = PBXBuildFile; fileRef = 7621428338234135A42B0389 /* PetVisualState.swift */; };
		4284A4B318BB422B948DD3C8 /* PetVisualTheme.swift in Sources */ = {isa = PBXBuildFile; fileRef = ABECBCD0CE344B70B76F31CE /* PetVisualTheme.swift */; };
		D0D0B8577F674084863F6B85 /* PetVisualTheme.swift in Sources */ = {isa = PBXBuildFile; fileRef = ABECBCD0CE344B70B76F31CE /* PetVisualTheme.swift */; };
/* End PBXBuildFile section */

/* Begin PBXContainerItemProxy section */
		F214EB592F676294005040B0 /* PBXContainerItemProxy */ = {
			isa = PBXContainerItemProxy;
			containerPortal = B3E21C9A2B8F4D70A1C53E00 /* Project object */;
			proxyType = 1;
			remoteGlobalIDString = B3E21CAC2B8F4D70A1C53E00;
			remoteInfo = Sodachi;
		};
/* End PBXContainerItemProxy section */

/* Begin PBXFileReference section */
		B3E21CA02B8F4D70A1C53E00 /* SodachiApp.swift */ = {isa = PBXFileReference; lastKnownFileType = sourcecode.swift; path = SodachiApp.swift; sourceTree = "<group>"; };
		B3E21CA12B8F4D70A1C53E00 /* ContentView.swift */ = {isa = PBXFileReference; lastKnownFileType = sourcecode.swift; path = ContentView.swift; sourceTree = "<group>"; };
		B3E21CA22B8F4D70A1C53E00 /* Assets.xcassets */ = {isa = PBXFileReference; lastKnownFileType = folder.assetcatalog; path = Assets.xcassets; sourceTree = "<group>"; };
		B3E21CA32B8F4D70A1C53E00 /* Preview Assets.xcassets */ = {isa = PBXFileReference; lastKnownFileType = folder.assetcatalog; path = "Preview Assets.xcassets"; sourceTree = "<group>"; };
		B3E21CA42B8F4D70A1C53E00 /* Sodachi.app */ = {isa = PBXFileReference; explicitFileType = wrapper.application; includeInIndex = 0; path = Sodachi.app; sourceTree = BUILT_PRODUCTS_DIR; };
		F214EB552F676294005040B0 /* SodachiTests.xctest */ = {isa = PBXFileReference; explicitFileType = wrapper.cfbundle; includeInIndex = 0; path = SodachiTests.xctest; sourceTree = BUILT_PRODUCTS_DIR; };
		F214EB642F6763DD005040B0 /* settings.local.json */ = {isa = PBXFileReference; lastKnownFileType = text.json; path = settings.local.json; sourceTree = "<group>"; };
		F214EB662F6763DD005040B0 /* Pet.swift */ = {isa = PBXFileReference; lastKnownFileType = sourcecode.swift; path = Pet.swift; sourceTree = "<group>"; };
		F214EB672F6763DD005040B0 /* PetLifecycleStage.swift */ = {isa = PBXFileReference; lastKnownFileType = sourcecode.swift; path = PetLifecycleStage.swift; sourceTree = "<group>"; };
		F214EB682F6763DD005040B0 /* PetStats.swift */ = {isa = PBXFileReference; lastKnownFileType = sourcecode.swift; path = PetStats.swift; sourceTree = "<group>"; };
		F214EB6A2F6763DD005040B0 /* Preview Assets.xcassets */ = {isa = PBXFileReference; lastKnownFileType = folder.assetcatalog; path = "Preview Assets.xcassets"; sourceTree = "<group>"; };
		F214EB6C2F6763DD005040B0 /* DecayEngine.swift */ = {isa = PBXFileReference; lastKnownFileType = sourcecode.swift; path = DecayEngine.swift; sourceTree = "<group>"; };
		F214EB6D2F6763DD005040B0 /* DecayRates.swift */ = {isa = PBXFileReference; lastKnownFileType = sourcecode.swift; path = DecayRates.swift; sourceTree = "<group>"; };
		F214EB6E2F6763DD005040B0 /* LifecycleEngine.swift */ = {isa = PBXFileReference; lastKnownFileType = sourcecode.swift; path = LifecycleEngine.swift; sourceTree = "<group>"; };
		7621428338234135A42B0389 /* PetVisualState.swift */ = {isa = PBXFileReference; lastKnownFileType = sourcecode.swift; path = PetVisualState.swift; sourceTree = "<group>"; };
		ABECBCD0CE344B70B76F31CE /* PetVisualTheme.swift */ = {isa = PBXFileReference; lastKnownFileType = sourcecode.swift; path = PetVisualTheme.swift; sourceTree = "<group>"; };
		F214EB702F6763DD005040B0 /* Assets.xcassets */ = {isa = PBXFileReference; lastKnownFileType = folder.assetcatalog; path = Assets.xcassets; sourceTree = "<group>"; };
		F214EB712F6763DD005040B0 /* ContentView.swift */ = {isa = PBXFileReference; lastKnownFileType = sourcecode.swift; path = ContentView.swift; sourceTree = "<group>"; };
		F214EB722F6763DD005040B0 /* SodachiApp.swift */ = {isa = PBXFileReference; lastKnownFileType = sourcecode.swift; path = SodachiApp.swift; sourceTree = "<group>"; };
/* End PBXFileReference section */

/* Begin PBXFileSystemSynchronizedRootGroup section */
		F214EB562F676294005040B0 /* SodachiTests */ = {isa = PBXFileSystemSynchronizedRootGroup; explicitFileTypes = {}; explicitFolders = (); path = SodachiTests; sourceTree = "<group>"; };
/* End PBXFileSystemSynchronizedRootGroup section */

/* Begin PBXFrameworksBuildPhase section */
		B3E21CAB2B8F4D70A1C53E00 /* Frameworks */ = {
			isa = PBXFrameworksBuildPhase;
			buildActionMask = 2147483647;
			files = (
			);
			runOnlyForDeploymentPostprocessing = 0;
		};
		F214EB522F676294005040B0 /* Frameworks */ = {
			isa = PBXFrameworksBuildPhase;
			buildActionMask = 2147483647;
			files = (
			);
			runOnlyForDeploymentPostprocessing = 0;
		};
/* End PBXFrameworksBuildPhase section */

/* Begin PBXGroup section */
		B3E21C9B2B8F4D70A1C53E00 = {
			isa = PBXGroup;
			children = (
				F214EB732F6763DD005040B0 /* Sodachi */,
				B3E21C9D2B8F4D70A1C53E00 /* Sodachi */,
				F214EB562F676294005040B0 /* SodachiTests */,
				B3E21C9C2B8F4D70A1C53E00 /* Products */,
			);
			sourceTree = "<group>";
		};
		B3E21C9C2B8F4D70A1C53E00 /* Products */ = {
			isa = PBXGroup;
			children = (
				B3E21CA42B8F4D70A1C53E00 /* Sodachi.app */,
				F214EB552F676294005040B0 /* SodachiTests.xctest */,
			);
			name = Products;
			sourceTree = "<group>";
		};
		B3E21C9D2B8F4D70A1C53E00 /* Sodachi */ = {
			isa = PBXGroup;
			children = (
				B3E21CA02B8F4D70A1C53E00 /* SodachiApp.swift */,
				B3E21CA12B8F4D70A1C53E00 /* ContentView.swift */,
				B3E21CA22B8F4D70A1C53E00 /* Assets.xcassets */,
				B3E21C9E2B8F4D70A1C53E00 /* Preview Content */,
			);
			path = Sodachi;
			sourceTree = "<group>";
		};
		B3E21C9E2B8F4D70A1C53E00 /* Preview Content */ = {
			isa = PBXGroup;
			children = (
				B3E21CA32B8F4D70A1C53E00 /* Preview Assets.xcassets */,
			);
			path = "Preview Content";
			sourceTree = "<group>";
		};
		F214EB652F6763DD005040B0 /* .claude */ = {
			isa = PBXGroup;
			children = (
				F214EB642F6763DD005040B0 /* settings.local.json */,
			);
			path = .claude;
			sourceTree = "<group>";
		};
		F214EB692F6763DD005040B0 /* Models */ = {
			isa = PBXGroup;
			children = (
				F214EB662F6763DD005040B0 /* Pet.swift */,
				F214EB672F6763DD005040B0 /* PetLifecycleStage.swift */,
				F214EB682F6763DD005040B0 /* PetStats.swift */,
				7621428338234135A42B0389 /* PetVisualState.swift */,
			);
			path = Models;
			sourceTree = "<group>";
		};
		FF4D407C864441F88EACF1B4 /* VisualThemes */ = {
			isa = PBXGroup;
			children = (
				ABECBCD0CE344B70B76F31CE /* PetVisualTheme.swift */,
			);
			path = VisualThemes;
			sourceTree = "<group>";
		};
		F214EB6B2F6763DD005040B0 /* Preview Content */ = {
			isa = PBXGroup;
			children = (
				F214EB6A2F6763DD005040B0 /* Preview Assets.xcassets */,
			);
			path = "Preview Content";
			sourceTree = "<group>";
		};
		F214EB6F2F6763DD005040B0 /* Services */ = {
			isa = PBXGroup;
			children = (
				F214EB6C2F6763DD005040B0 /* DecayEngine.swift */,
				F214EB6D2F6763DD005040B0 /* DecayRates.swift */,
				F214EB6E2F6763DD005040B0 /* LifecycleEngine.swift */,
			);
			path = Services;
			sourceTree = "<group>";
		};
		F214EB732F6763DD005040B0 /* Sodachi */ = {
			isa = PBXGroup;
			children = (
				F214EB652F6763DD005040B0 /* .claude */,
				F214EB692F6763DD005040B0 /* Models */,
				F214EB6B2F6763DD005040B0 /* Preview Content */,
				F214EB6F2F6763DD005040B0 /* Services */,
				FF4D407C864441F88EACF1B4 /* VisualThemes */,
				F214EB702F6763DD005040B0 /* Assets.xcassets */,
				F214EB712F6763DD005040B0 /* ContentView.swift */,
				F214EB722F6763DD005040B0 /* SodachiApp.swift */,
			);
			path = Sodachi;
			sourceTree = "<group>";
		};
/* End PBXGroup section */

/* Begin PBXNativeTarget section */
		B3E21CAC2B8F4D70A1C53E00 /* Sodachi */ = {
			isa = PBXNativeTarget;
			buildConfigurationList = B3E21CB12B8F4D70A1C53E00 /* Build configuration list for PBXNativeTarget "Sodachi" */;
			buildPhases = (
				B3E21CA92B8F4D70A1C53E00 /* Sources */,
				B3E21CAB2B8F4D70A1C53E00 /* Frameworks */,
				B3E21CAA2B8F4D70A1C53E00 /* Resources */,
			);
			buildRules = (
			);
			dependencies = (
			);
			name = Sodachi;
			productName = Sodachi;
			productReference = B3E21CA42B8F4D70A1C53E00 /* Sodachi.app */;
			productType = "com.apple.product-type.application";
		};
		F214EB542F676294005040B0 /* SodachiTests */ = {
			isa = PBXNativeTarget;
			buildConfigurationList = F214EB5D2F676294005040B0 /* Build configuration list for PBXNativeTarget "SodachiTests" */;
			buildPhases = (
				F214EB512F676294005040B0 /* Sources */,
				F214EB522F676294005040B0 /* Frameworks */,
				F214EB532F676294005040B0 /* Resources */,
			);
			buildRules = (
			);
			dependencies = (
				F214EB5A2F676294005040B0 /* PBXTargetDependency */,
			);
			fileSystemSynchronizedGroups = (
				F214EB562F676294005040B0 /* SodachiTests */,
			);
			name = SodachiTests;
			packageProductDependencies = (
			);
			productName = SodachiTests;
			productReference = F214EB552F676294005040B0 /* SodachiTests.xctest */;
			productType = "com.apple.product-type.bundle.unit-test";
		};
/* End PBXNativeTarget section */

/* Begin PBXProject section */
		B3E21C9A2B8F4D70A1C53E00 /* Project object */ = {
			isa = PBXProject;
			attributes = {
				BuildIndependentTargetsInParallel = 1;
				LastSwiftUpdateCheck = 1620;
				LastUpgradeCheck = 1600;
				TargetAttributes = {
					B3E21CAC2B8F4D70A1C53E00 = {
						CreatedOnToolsVersion = 16.0;
					};
					F214EB542F676294005040B0 = {
						CreatedOnToolsVersion = 16.2;
						TestTargetID = B3E21CAC2B8F4D70A1C53E00;
					};
				};
			};
			buildConfigurationList = B3E21CB22B8F4D70A1C53E00 /* Build configuration list for PBXProject "Sodachi" */;
			compatibilityVersion = "Xcode 14.0";
			developmentRegion = en;
			hasScannedForEncodings = 0;
			knownRegions = (
				en,
				Base,
			);
			mainGroup = B3E21C9B2B8F4D70A1C53E00;
			productRefGroup = B3E21C9C2B8F4D70A1C53E00 /* Products */;
			projectDirPath = "";
			projectRoot = "";
			targets = (
				B3E21CAC2B8F4D70A1C53E00 /* Sodachi */,
				F214EB542F676294005040B0 /* SodachiTests */,
			);
		};
/* End PBXProject section */

/* Begin PBXResourcesBuildPhase section */
		B3E21CAA2B8F4D70A1C53E00 /* Resources */ = {
			isa = PBXResourcesBuildPhase;
			buildActionMask = 2147483647;
			files = (
				B3E21CA82B8F4D70A1C53E00 /* Preview Assets.xcassets in Resources */,
				B3E21CA72B8F4D70A1C53E00 /* Assets.xcassets in Resources */,
				F214EB7F2F6763DD005040B0 /* Assets.xcassets in Resources */,
				F214EB802F6763DD005040B0 /* settings.local.json in Resources */,
				F214EB812F6763DD005040B0 /* Preview Assets.xcassets in Resources */,
			);
			runOnlyForDeploymentPostprocessing = 0;
		};
		F214EB532F676294005040B0 /* Resources */ = {
			isa = PBXResourcesBuildPhase;
			buildActionMask = 2147483647;
			files = (
				F214EB7C2F6763DD005040B0 /* Assets.xcassets in Resources */,
				F214EB7D2F6763DD005040B0 /* settings.local.json in Resources */,
				F214EB7E2F6763DD005040B0 /* Preview Assets.xcassets in Resources */,
			);
			runOnlyForDeploymentPostprocessing = 0;
		};
/* End PBXResourcesBuildPhase section */

/* Begin PBXSourcesBuildPhase section */
		B3E21CA92B8F4D70A1C53E00 /* Sources */ = {
			isa = PBXSourcesBuildPhase;
			buildActionMask = 2147483647;
			files = (
				F214EB822F6763DD005040B0 /* PetLifecycleStage.swift in Sources */,
				F214EB832F6763DD005040B0 /* SodachiApp.swift in Sources */,
				F214EB842F6763DD005040B0 /* PetStats.swift in Sources */,
				F214EB852F6763DD005040B0 /* LifecycleEngine.swift in Sources */,
				F214EB862F6763DD005040B0 /* ContentView.swift in Sources */,
				F214EB872F6763DD005040B0 /* Pet.swift in Sources */,
				F214EB882F6763DD005040B0 /* DecayEngine.swift in Sources */,
				F214EB892F6763DD005040B0 /* DecayRates.swift in Sources */,
				9258C5484CA543B0AF4D1E8B /* PetVisualState.swift in Sources */,
				4284A4B318BB422B948DD3C8 /* PetVisualTheme.swift in Sources */,
				B3E21CA62B8F4D70A1C53E00 /* ContentView.swift in Sources */,
				B3E21CA52B8F4D70A1C53E00 /* SodachiApp.swift in Sources */,
			);
			runOnlyForDeploymentPostprocessing = 0;
		};
		F214EB512F676294005040B0 /* Sources */ = {
			isa = PBXSourcesBuildPhase;
			buildActionMask = 2147483647;
			files = (
				F214EB742F6763DD005040B0 /* PetLifecycleStage.swift in Sources */,
				F214EB752F6763DD005040B0 /* SodachiApp.swift in Sources */,
				F214EB762F6763DD005040B0 /* PetStats.swift in Sources */,
				F214EB772F6763DD005040B0 /* LifecycleEngine.swift in Sources */,
				F214EB782F6763DD005040B0 /* ContentView.swift in Sources */,
				F214EB792F6763DD005040B0 /* Pet.swift in Sources */,
				F214EB7A2F6763DD005040B0 /* DecayEngine.swift in Sources */,
				F214EB7B2F6763DD005040B0 /* DecayRates.swift in Sources */,
				1544E3BD135C4D5FAFD7FB44 /* PetVisualState.swift in Sources */,
				D0D0B8577F674084863F6B85 /* PetVisualTheme.swift in Sources */,
			);
			runOnlyForDeploymentPostprocessing = 0;
		};
/* End PBXSourcesBuildPhase section */

/* Begin PBXTargetDependency section */
		F214EB5A2F676294005040B0 /* PBXTargetDependency */ = {
			isa = PBXTargetDependency;
			target = B3E21CAC2B8F4D70A1C53E00 /* Sodachi */;
			targetProxy = F214EB592F676294005040B0 /* PBXContainerItemProxy */;
		};
/* End PBXTargetDependency section */

/* Begin XCBuildConfiguration section */
		B3E21CAD2B8F4D70A1C53E00 /* Debug */ = {
			isa = XCBuildConfiguration;
			buildSettings = {
				ASSETCATALOG_COMPILER_APPICON_NAME = AppIcon;
				ASSETCATALOG_COMPILER_GLOBAL_ACCENT_COLOR_NAME = AccentColor;
				CODE_SIGN_STYLE = Automatic;
				CURRENT_PROJECT_VERSION = 1;
				DEVELOPMENT_ASSET_PATHS = "\"Sodachi/Preview Content\"";
				ENABLE_PREVIEWS = YES;
				GENERATE_INFOPLIST_FILE = YES;
				INFOPLIST_KEY_UIApplicationSceneManifest_Generation = YES;
				INFOPLIST_KEY_UIApplicationSupportsIndirectInputEvents = YES;
				INFOPLIST_KEY_UILaunchScreen_Generation = YES;
				INFOPLIST_KEY_UISupportedInterfaceOrientations_iPhone = "UIInterfaceOrientationPortrait UIInterfaceOrientationLandscapeLeft UIInterfaceOrientationLandscapeRight";
				IPHONEOS_DEPLOYMENT_TARGET = 17.0;
				LD_RUNPATH_SEARCH_PATHS = (
					"$(inherited)",
					"@executable_path/Frameworks",
				);
				MARKETING_VERSION = 1.0;
				PRODUCT_BUNDLE_IDENTIFIER = com.example.Sodachi;
				PRODUCT_NAME = "$(TARGET_NAME)";
				SWIFT_EMIT_LOC_STRINGS = YES;
				SWIFT_VERSION = 5.0;
				TARGETED_DEVICE_FAMILY = 1;
			};
			name = Debug;
		};
		B3E21CAE2B8F4D70A1C53E00 /* Release */ = {
			isa = XCBuildConfiguration;
			buildSettings = {
				ASSETCATALOG_COMPILER_APPICON_NAME = AppIcon;
				ASSETCATALOG_COMPILER_GLOBAL_ACCENT_COLOR_NAME = AccentColor;
				CODE_SIGN_STYLE = Automatic;
				CURRENT_PROJECT_VERSION = 1;
				DEVELOPMENT_ASSET_PATHS = "\"Sodachi/Preview Content\"";
				ENABLE_PREVIEWS = YES;
				GENERATE_INFOPLIST_FILE = YES;
				INFOPLIST_KEY_UIApplicationSceneManifest_Generation = YES;
				INFOPLIST_KEY_UIApplicationSupportsIndirectInputEvents = YES;
				INFOPLIST_KEY_UILaunchScreen_Generation = YES;
				INFOPLIST_KEY_UISupportedInterfaceOrientations_iPhone = "UIInterfaceOrientationPortrait UIInterfaceOrientationLandscapeLeft UIInterfaceOrientationLandscapeRight";
				IPHONEOS_DEPLOYMENT_TARGET = 17.0;
				LD_RUNPATH_SEARCH_PATHS = (
					"$(inherited)",
					"@executable_path/Frameworks",
				);
				MARKETING_VERSION = 1.0;
				PRODUCT_BUNDLE_IDENTIFIER = com.example.Sodachi;
				PRODUCT_NAME = "$(TARGET_NAME)";
				SWIFT_EMIT_LOC_STRINGS = YES;
				SWIFT_VERSION = 5.0;
				TARGETED_DEVICE_FAMILY = 1;
			};
			name = Release;
		};
		B3E21CAF2B8F4D70A1C53E00 /* Debug */ = {
			isa = XCBuildConfiguration;
			buildSettings = {
				ALWAYS_SEARCH_USER_PATHS = NO;
				ASSETCATALOG_COMPILER_GENERATE_SWIFT_ASSET_SYMBOL_EXTENSIONS = YES;
				CLANG_ANALYZER_NONNULL = YES;
				CLANG_ANALYZER_NUMBER_OBJECT_CONVERSION = YES_AGGRESSIVE;
				CLANG_CXX_LANGUAGE_STANDARD = "gnu++20";
				CLANG_ENABLE_MODULES = YES;
				CLANG_ENABLE_OBJC_ARC = YES;
				CLANG_ENABLE_OBJC_WEAK = YES;
				CLANG_WARN_BLOCK_CAPTURE_AUTORELEASING = YES;
				CLANG_WARN_BOOL_CONVERSION = YES;
				CLANG_WARN_COMMA = YES;
				CLANG_WARN_CONSTANT_CONVERSION = YES;
				CLANG_WARN_DEPRECATED_OBJC_IMPLEMENTATIONS = YES;
				CLANG_WARN_DIRECT_OBJC_ISA_USAGE = YES_ERROR;
				CLANG_WARN_DOCUMENTATION_COMMENTS = YES;
				CLANG_WARN_EMPTY_BODY = YES;
				CLANG_WARN_ENUM_CONVERSION = YES;
				CLANG_WARN_INFINITE_RECURSION = YES;
				CLANG_WARN_INT_CONVERSION = YES;
				CLANG_WARN_NON_LITERAL_NULL_CONVERSION = YES;
				CLANG_WARN_OBJC_IMPLICIT_RETAIN_CYCLES = YES;
				CLANG_WARN_OBJC_LITERAL_CONVERSION = YES;
				CLANG_WARN_OBJC_ROOT_CLASS = YES_ERROR;
				CLANG_WARN_QUOTED_INCLUDE_IN_FRAMEWORK_HEADER = YES;
				CLANG_WARN_RANGE_LOOP_ANALYSIS = YES;
				CLANG_WARN_STRICT_PROTOTYPES = YES;
				CLANG_WARN_SUSPICIOUS_MOVE = YES;
				CLANG_WARN_UNGUARDED_AVAILABILITY = YES_AGGRESSIVE;
				CLANG_WARN_UNREACHABLE_CODE = YES;
				CLANG_WARN__DUPLICATE_METHOD_EXCEPTION = YES;
				COPY_PHASE_STRIP = NO;
				DEBUG_INFORMATION_FORMAT = dwarf;
				ENABLE_STRICT_OBJC_MSGSEND = YES;
				ENABLE_TESTABILITY = YES;
				ENABLE_USER_SCRIPT_SANDBOXING = YES;
				GCC_C_LANGUAGE_STANDARD = gnu17;
				GCC_DYNAMIC_NO_PIC = NO;
				GCC_NO_COMMON_BLOCKS = YES;
				GCC_OPTIMIZATION_LEVEL = 0;
				GCC_PREPROCESSOR_DEFINITIONS = (
					"DEBUG=1",
					"$(inherited)",
				);
				GCC_WARN_64_TO_32_BIT_CONVERSION = YES;
				GCC_WARN_ABOUT_RETURN_TYPE = YES_ERROR;
				GCC_WARN_UNDECLARED_SELECTOR = YES;
				GCC_WARN_UNINITIALIZED_AUTOS = YES_AGGRESSIVE;
				GCC_WARN_UNUSED_FUNCTION = YES;
				GCC_WARN_UNUSED_VARIABLE = YES;
				IPHONEOS_DEPLOYMENT_TARGET = 17.0;
				LOCALIZATION_PREFERS_STRING_CATALOGS = YES;
				MTL_ENABLE_DEBUG_INFO = INCLUDE_SOURCE;
				MTL_FAST_MATH = YES;
				ONLY_ACTIVE_ARCH = YES;
				SDKROOT = iphoneos;
				SWIFT_ACTIVE_COMPILATION_CONDITIONS = "DEBUG $(inherited)";
				SWIFT_OPTIMIZATION_LEVEL = "-Onone";
			};
			name = Debug;
		};
		B3E21CB02B8F4D70A1C53E00 /* Release */ = {
			isa = XCBuildConfiguration;
			buildSettings = {
				ALWAYS_SEARCH_USER_PATHS = NO;
				ASSETCATALOG_COMPILER_GENERATE_SWIFT_ASSET_SYMBOL_EXTENSIONS = YES;
				CLANG_ANALYZER_NONNULL = YES;
				CLANG_ANALYZER_NUMBER_OBJECT_CONVERSION = YES_AGGRESSIVE;
				CLANG_CXX_LANGUAGE_STANDARD = "gnu++20";
				CLANG_ENABLE_MODULES = YES;
				CLANG_ENABLE_OBJC_ARC = YES;
				CLANG_ENABLE_OBJC_WEAK = YES;
				CLANG_WARN_BLOCK_CAPTURE_AUTORELEASING = YES;
				CLANG_WARN_BOOL_CONVERSION = YES;
				CLANG_WARN_COMMA = YES;
				CLANG_WARN_CONSTANT_CONVERSION = YES;
				CLANG_WARN_DEPRECATED_OBJC_IMPLEMENTATIONS = YES;
				CLANG_WARN_DIRECT_OBJC_ISA_USAGE = YES_ERROR;
				CLANG_WARN_DOCUMENTATION_COMMENTS = YES;
				CLANG_WARN_EMPTY_BODY = YES;
				CLANG_WARN_ENUM_CONVERSION = YES;
				CLANG_WARN_INFINITE_RECURSION = YES;
				CLANG_WARN_INT_CONVERSION = YES;
				CLANG_WARN_NON_LITERAL_NULL_CONVERSION = YES;
				CLANG_WARN_OBJC_IMPLICIT_RETAIN_CYCLES = YES;
				CLANG_WARN_OBJC_LITERAL_CONVERSION = YES;
				CLANG_WARN_OBJC_ROOT_CLASS = YES_ERROR;
				CLANG_WARN_QUOTED_INCLUDE_IN_FRAMEWORK_HEADER = YES;
				CLANG_WARN_RANGE_LOOP_ANALYSIS = YES;
				CLANG_WARN_STRICT_PROTOTYPES = YES;
				CLANG_WARN_SUSPICIOUS_MOVE = YES;
				CLANG_WARN_UNGUARDED_AVAILABILITY = YES_AGGRESSIVE;
				CLANG_WARN_UNREACHABLE_CODE = YES;
				CLANG_WARN__DUPLICATE_METHOD_EXCEPTION = YES;
				COPY_PHASE_STRIP = NO;
				DEBUG_INFORMATION_FORMAT = "dwarf-with-dsym";
				ENABLE_NS_ASSERTIONS = NO;
				ENABLE_STRICT_OBJC_MSGSEND = YES;
				ENABLE_USER_SCRIPT_SANDBOXING = YES;
				GCC_C_LANGUAGE_STANDARD = gnu17;
				GCC_NO_COMMON_BLOCKS = YES;
				GCC_WARN_64_TO_32_BIT_CONVERSION = YES;
				GCC_WARN_ABOUT_RETURN_TYPE = YES_ERROR;
				GCC_WARN_UNDECLARED_SELECTOR = YES;
				GCC_WARN_UNINITIALIZED_AUTOS = YES_AGGRESSIVE;
				GCC_WARN_UNUSED_FUNCTION = YES;
				GCC_WARN_UNUSED_VARIABLE = YES;
				IPHONEOS_DEPLOYMENT_TARGET = 17.0;
				LOCALIZATION_PREFERS_STRING_CATALOGS = YES;
				MTL_FAST_MATH = YES;
				SDKROOT = iphoneos;
				SWIFT_COMPILATION_MODE = wholemodule;
				VALIDATE_PRODUCT = YES;
			};
			name = Release;
		};
		F214EB5B2F676294005040B0 /* Debug */ = {
			isa = XCBuildConfiguration;
			buildSettings = {
				BUNDLE_LOADER = "$(TEST_HOST)";
				CLANG_WARN_OBJC_IMPLICIT_RETAIN_SELF = YES;
				CLANG_WARN__DUPLICATE_METHOD_MATCH = YES;
				CODE_SIGN_STYLE = Automatic;
				CURRENT_PROJECT_VERSION = 1;
				GENERATE_INFOPLIST_FILE = YES;
				IPHONEOS_DEPLOYMENT_TARGET = 18.2;
				MARKETING_VERSION = 1.0;
				PRODUCT_BUNDLE_IDENTIFIER = com.LiamTabone.SodachiTests;
				PRODUCT_NAME = "$(TARGET_NAME)";
				SWIFT_EMIT_LOC_STRINGS = NO;
				SWIFT_VERSION = 5.0;
				TARGETED_DEVICE_FAMILY = "1,2";
				TEST_HOST = "$(BUILT_PRODUCTS_DIR)/Sodachi.app/$(BUNDLE_EXECUTABLE_FOLDER_PATH)/Sodachi";
			};
			name = Debug;
		};
		F214EB5C2F676294005040B0 /* Release */ = {
			isa = XCBuildConfiguration;
			buildSettings = {
				BUNDLE_LOADER = "$(TEST_HOST)";
				CLANG_WARN_OBJC_IMPLICIT_RETAIN_SELF = YES;
				CLANG_WARN__DUPLICATE_METHOD_MATCH = YES;
				CODE_SIGN_STYLE = Automatic;
				CURRENT_PROJECT_VERSION = 1;
				GENERATE_INFOPLIST_FILE = YES;
				IPHONEOS_DEPLOYMENT_TARGET = 18.2;
				MARKETING_VERSION = 1.0;
				MTL_ENABLE_DEBUG_INFO = NO;
				PRODUCT_BUNDLE_IDENTIFIER = com.LiamTabone.SodachiTests;
				PRODUCT_NAME = "$(TARGET_NAME)";
				SWIFT_EMIT_LOC_STRINGS = NO;
				SWIFT_VERSION = 5.0;
				TARGETED_DEVICE_FAMILY = "1,2";
				TEST_HOST = "$(BUILT_PRODUCTS_DIR)/Sodachi.app/$(BUNDLE_EXECUTABLE_FOLDER_PATH)/Sodachi";
			};
			name = Release;
		};
/* End XCBuildConfiguration section */

/* Begin XCConfigurationList section */
		B3E21CB12B8F4D70A1C53E00 /* Build configuration list for PBXNativeTarget "Sodachi" */ = {
			isa = XCConfigurationList;
			buildConfigurations = (
				B3E21CAD2B8F4D70A1C53E00 /* Debug */,
				B3E21CAE2B8F4D70A1C53E00 /* Release */,
			);
			defaultConfigurationIsVisible = 0;
			defaultConfigurationName = Release;
		};
		B3E21CB22B8F4D70A1C53E00 /* Build configuration list for PBXProject "Sodachi" */ = {
			isa = XCConfigurationList;
			buildConfigurations = (
				B3E21CAF2B8F4D70A1C53E00 /* Debug */,
				B3E21CB02B8F4D70A1C53E00 /* Release */,
			);
			defaultConfigurationIsVisible = 0;
			defaultConfigurationName = Release;
		};
		F214EB5D2F676294005040B0 /* Build configuration list for PBXNativeTarget "SodachiTests" */ = {
			isa = XCConfigurationList;
			buildConfigurations = (
				F214EB5B2F676294005040B0 /* Debug */,
				F214EB5C2F676294005040B0 /* Release */,
			);
			defaultConfigurationIsVisible = 0;
			defaultConfigurationName = Release;
		};
/* End XCConfigurationList section */
	};
	rootObject = B3E21C9A2B8F4D70A1C53E00 /* Project object */;
}
